// !$*UTF8*$!
{
	archiveVersion = 1;
	classes = {
	};
	objectVersion = 48;
	objects = {

/* Begin PBXBuildFile section */
		239E0D6520484F1E00176AB9 /* AppDelegate.swift in Sources */ = {isa = PBXBuildFile; fileRef = 239E0D6420484F1E00176AB9 /* AppDelegate.swift */; };
		239E0D6720484F1E00176AB9 /* Assets.xcassets in Resources */ = {isa = PBXBuildFile; fileRef = 239E0D6620484F1E00176AB9 /* Assets.xcassets */; };
		239E0D6A20484F1E00176AB9 /* MainMenu.xib in Resources */ = {isa = PBXBuildFile; fileRef = 239E0D6820484F1E00176AB9 /* MainMenu.xib */; };
		23FB57522048621300199F09 /* screen.png in Resources */ = {isa = PBXBuildFile; fileRef = 23FB57512048621300199F09 /* screen.png */; };
		23FB5754204943B800199F09 /* NoScrollerScrollView.swift in Sources */ = {isa = PBXBuildFile; fileRef = 23FB5753204943B800199F09 /* NoScrollerScrollView.swift */; };
		23FB5756204944A800199F09 /* DisableVerticalScrollView.swift in Sources */ = {isa = PBXBuildFile; fileRef = 23FB5755204944A800199F09 /* DisableVerticalScrollView.swift */; };
/* End PBXBuildFile section */

/* Begin PBXFileReference section */
		239E0D6120484F1E00176AB9 /* NSScrollViewDemo.app */ = {isa = PBXFileReference; explicitFileType = wrapper.application; includeInIndex = 0; path = NSScrollViewDemo.app; sourceTree = BUILT_PRODUCTS_DIR; };
		239E0D6420484F1E00176AB9 /* AppDelegate.swift */ = {isa = PBXFileReference; lastKnownFileType = sourcecode.swift; path = AppDelegate.swift; sourceTree = "<group>"; };
		239E0D6620484F1E00176AB9 /* Assets.xcassets */ = {isa = PBXFileReference; lastKnownFileType = folder.assetcatalog; path = Assets.xcassets; sourceTree = "<group>"; };
		239E0D6920484F1E00176AB9 /* Base */ = {isa = PBXFileReference; lastKnownFileType = file.xib; name = Base; path = Base.lproj/MainMenu.xib; sourceTree = "<group>"; };
		239E0D6B20484F1E00176AB9 /* Info.plist */ = {isa = PBXFileReference; lastKnownFileType = text.plist.xml; path = Info.plist; sourceTree = "<group>"; };
		239E0D6C20484F1E00176AB9 /* NSScrollViewDemo.entitlements */ = {isa = PBXFileReference; lastKnownFileType = text.plist.entitlements; path = NSScrollViewDemo.entitlements; sourceTree = "<group>"; };
		23FB57512048621300199F09 /* screen.png */ = {isa = PBXFileReference; lastKnownFileType = image.png; name = screen.png; path = "../../../../电子书/AppleDev/macdev_io/macOSwift4.0.3-Ebook-Demo/Chapter 03 View&ScrollView/ScrollView/ScrollView/screen.png"; sourceTree = "<group>"; };
		23FB5753204943B800199F09 /* NoScrollerScrollView.swift */ = {isa = PBXFileReference; lastKnownFileType = sourcecode.swift; path = NoScrollerScrollView.swift; sourceTree = "<group>"; };
		23FB5755204944A800199F09 /* DisableVerticalScrollView.swift */ = {isa = PBXFileReference; lastKnownFileType = sourcecode.swift; path = DisableVerticalScrollView.swift; sourceTree = "<group>"; };
/* End PBXFileReference section */

/* Begin PBXFrameworksBuildPhase section */
		239E0D5E20484F1E00176AB9 /* Frameworks */ = {
			isa = PBXFrameworksBuildPhase;
			buildActionMask = 2147483647;
			files = (
			);
			runOnlyForDeploymentPostprocessing = 0;
		};
/* End PBXFrameworksBuildPhase section */

/* Begin PBXGroup section */
		239E0D5820484F1E00176AB9 = {
			isa = PBXGroup;
			children = (
				239E0D6320484F1E00176AB9 /* NSScrollViewDemo */,
				239E0D6220484F1E00176AB9 /* Products */,
			);
			sourceTree = "<group>";
		};
		239E0D6220484F1E00176AB9 /* Products */ = {
			isa = PBXGroup;
			children = (
				239E0D6120484F1E00176AB9 /* NSScrollViewDemo.app */,
			);
			name = Products;
			sourceTree = "<group>";
		};
		239E0D6320484F1E00176AB9 /* NSScrollViewDemo */ = {
			isa = PBXGroup;
			children = (
				23FB57512048621300199F09 /* screen.png */,
				239E0D6420484F1E00176AB9 /* AppDelegate.swift */,
				239E0D6620484F1E00176AB9 /* Assets.xcassets */,
				239E0D6820484F1E00176AB9 /* MainMenu.xib */,
				239E0D6B20484F1E00176AB9 /* Info.plist */,
				239E0D6C20484F1E00176AB9 /* NSScrollViewDemo.entitlements */,
				23FB5753204943B800199F09 /* NoScrollerScrollView.swift */,
				23FB5755204944A800199F09 /* DisableVerticalScrollView.swift */,
			);
			path = NSScrollViewDemo;
			sourceTree = "<group>";
		};
/* End PBXGroup section */

/* Begin PBXNativeTarget section */
		239E0D6020484F1E00176AB9 /* NSScrollViewDemo */ = {
			isa = PBXNativeTarget;
			buildConfigurationList = 239E0D6F20484F1E00176AB9 /* Build configuration list for PBXNativeTarget "NSScrollViewDemo" */;
			buildPhases = (
				239E0D5D20484F1E00176AB9 /* Sources */,
				239E0D5E20484F1E00176AB9 /* Frameworks */,
				239E0D5F20484F1E00176AB9 /* Resources */,
			);
			buildRules = (
			);
			dependencies = (
			);
			name = NSScrollViewDemo;
			productName = NSScrollViewDemo;
			productReference = 239E0D6120484F1E00176AB9 /* NSScrollViewDemo.app */;
			productType = "com.apple.product-type.application";
		};
/* End PBXNativeTarget section */

/* Begin PBXProject section */
		239E0D5920484F1E00176AB9 /* Project object */ = {
			isa = PBXProject;
			attributes = {
				LastSwiftUpdateCheck = 0920;
				LastUpgradeCheck = 0920;
				ORGANIZATIONNAME = "戴植锐";
				TargetAttributes = {
					239E0D6020484F1E00176AB9 = {
						CreatedOnToolsVersion = 9.2;
						ProvisioningStyle = Automatic;
					};
				};
			};
			buildConfigurationList = 239E0D5C20484F1E00176AB9 /* Build configuration list for PBXProject "NSScrollViewDemo" */;
			compatibilityVersion = "Xcode 8.0";
			developmentRegion = en;
			hasScannedForEncodings = 0;
			knownRegions = (
				en,
				Base,
			);
			mainGroup = 239E0D5820484F1E00176AB9;
			productRefGroup = 239E0D6220484F1E00176AB9 /* Products */;
			projectDirPath = "";
			projectRoot = "";
			targets = (
				239E0D6020484F1E00176AB9 /* NSScrollViewDemo */,
			);
		};
/* End PBXProject section */

/* Begin PBXResourcesBuildPhase section */
		239E0D5F20484F1E00176AB9 /* Resources */ = {
			isa = PBXResourcesBuildPhase;
			buildActionMask = 2147483647;
			files = (
				239E0D6720484F1E00176AB9 /* Assets.xcassets in Resources */,
				23FB57522048621300199F09 /* screen.png in Resources */,
				239E0D6A20484F1E00176AB9 /* MainMenu.xib in Resources */,
			);
			runOnlyForDeploymentPostprocessing = 0;
		};
/* End PBXResourcesBuildPhase section */

/* Begin PBXSourcesBuildPhase section */
		239E0D5D20484F1E00176AB9 /* Sources */ = {
			isa = PBXSourcesBuildPhase;
			buildActionMask = 2147483647;
			files = (
				23FB5756204944A800199F09 /* DisableVerticalScrollView.swift in Sources */,
				23FB5754204943B800199F09 /* NoScrollerScrollView.swift in Sources */,
				239E0D6520484F1E00176AB9 /* AppDelegate.swift in Sources */,
			);
			runOnlyForDeploymentPostprocessing = 0;
		};
/* End PBXSourcesBuildPhase section */

/* Begin PBXVariantGroup section */
		239E0D6820484F1E00176AB9 /* MainMenu.xib */ = {
			isa = PBXVariantGroup;
			children = (
				239E0D6920484F1E00176AB9 /* Base */,
			);
			name = MainMenu.xib;
			sourceTree = "<group>";
		};
/* End PBXVariantGroup section */

/* Begin XCBuildConfiguration section */
		239E0D6D20484F1E00176AB9 /* Debug */ = {
			isa = XCBuildConfiguration;
			buildSettings = {
				ALWAYS_SEARCH_USER_PATHS = NO;
				CLANG_ANALYZER_NONNULL = YES;
				CLANG_ANALYZER_NUMBER_OBJECT_CONVERSION = YES_AGGRESSIVE;
				CLANG_CXX_LANGUAGE_STANDARD = "gnu++14";
				CLANG_CXX_LIBRARY = "libc++";
				CLANG_ENABLE_MODULES = YES;
				CLANG_ENABLE_OBJC_ARC = YES;
				CLANG_WARN_BLOCK_CAPTURE_AUTORELEASING = YES;
				CLANG_WARN_BOOL_CONVERSION = YES;
				CLANG_WARN_COMMA = YES;
				CLANG_WARN_CONSTANT_CONVERSION = YES;
				CLANG_WARN_DIRECT_OBJC_ISA_USAGE = YES_ERROR;
				CLANG_WARN_DOCUMENTATION_COMMENTS = YES;
				CLANG_WARN_EMPTY_BODY = YES;
				CLANG_WARN_ENUM_CONVERSION = YES;
				CLANG_WARN_INFINITE_RECURSION = YES;
				CLANG_WARN_INT_CONVERSION = YES;
				CLANG_WARN_NON_LITERAL_NULL_CONVERSION = YES;
				CLANG_WARN_OBJC_LITERAL_CONVERSION = YES;
				CLANG_WARN_OBJC_ROOT_CLASS = YES_ERROR;
				CLANG_WARN_RANGE_LOOP_ANALYSIS = YES;
				CLANG_WARN_STRICT_PROTOTYPES = YES;
				CLANG_WARN_SUSPICIOUS_MOVE = YES;
				CLANG_WARN_UNGUARDED_AVAILABILITY = YES_AGGRESSIVE;
				CLANG_WARN_UNREACHABLE_CODE = YES;
				CLANG_WARN__DUPLICATE_METHOD_MATCH = YES;
				CODE_SIGN_IDENTITY = "-";
				COPY_PHASE_STRIP = NO;
				DEBUG_INFORMATION_FORMAT = dwarf;
				ENABLE_STRICT_OBJC_MSGSEND = YES;
				ENABLE_TESTABILITY = YES;
				GCC_C_LANGUAGE_STANDARD = gnu11;
				GCC_DYNAMIC_NO_PIC = NO;
				GCC_NO_COMMON_BLOCKS = YES;
				GCC_OPTIMIZATION_LEVEL = 0;
				GCC_PREPROCESSOR_DEFINITIONS = (
					"DEBUG=1",
					"$(inherited)",
				);
				GCC_WARN_64_TO_32_BIT_CONVERSION = YES;
				GCC_WARN_ABOUT_RETURN_TYPE = YES_ERROR;
				GCC_WARN_UNDECLARED_SELECTOR = YES;
				GCC_WARN_UNINITIALIZED_AUTOS = YES_AGGRESSIVE;
				GCC_WARN_UNUSED_FUNCTION = YES;
				GCC_WARN_UNUSED_VARIABLE = YES;
				MACOSX_DEPLOYMENT_TARGET = 10.13;
				MTL_ENABLE_DEBUG_INFO = YES;
				ONLY_ACTIVE_ARCH = YES;
				SDKROOT = macosx;
				SWIFT_ACTIVE_COMPILATION_CONDITIONS = DEBUG;
				SWIFT_OPTIMIZATION_LEVEL = "-Onone";
			};
			name = Debug;
		};
		239E0D6E20484F1E00176AB9 /* Release */ = {
			isa = XCBuildConfiguration;
			buildSettings = {
				ALWAYS_SEARCH_USER_PATHS = NO;
				CLANG_ANALYZER_NONNULL = YES;
				CLANG_ANALYZER_NUMBER_OBJECT_CONVERSION = YES_AGGRESSIVE;
				CLANG_CXX_LANGUAGE_STANDARD = "gnu++14";
				CLANG_CXX_LIBRARY = "libc++";
				CLANG_ENABLE_MODULES = YES;
				CLANG_ENABLE_OBJC_ARC = YES;
				CLANG_WARN_BLOCK_CAPTURE_AUTORELEASING = YES;
				CLANG_WARN_BOOL_CONVERSION = YES;
				CLANG_WARN_COMMA = YES;
				CLANG_WARN_CONSTANT_CONVERSION = YES;
				CLANG_WARN_DIRECT_OBJC_ISA_USAGE = YES_ERROR;
				CLANG_WARN_DOCUMENTATION_COMMENTS = YES;
				CLANG_WARN_EMPTY_BODY = YES;
				CLANG_WARN_ENUM_CONVERSION = YES;
				CLANG_WARN_INFINITE_RECURSION = YES;
				CLANG_WARN_INT_CONVERSION = YES;
				CLANG_WARN_NON_LITERAL_NULL_CONVERSION = YES;
				CLANG_WARN_OBJC_LITERAL_CONVERSION = YES;
				CLANG_WARN_OBJC_ROOT_CLASS = YES_ERROR;
				CLANG_WARN_RANGE_LOOP_ANALYSIS = YES;
				CLANG_WARN_STRICT_PROTOTYPES = YES;
				CLANG_WARN_SUSPICIOUS_MOVE = YES;
				CLANG_WARN_UNGUARDED_AVAILABILITY = YES_AGGRESSIVE;
				CLANG_WARN_UNREACHABLE_CODE = YES;
				CLANG_WARN__DUPLICATE_METHOD_MATCH = YES;
				CODE_SIGN_IDENTITY = "-";
				COPY_PHASE_STRIP = NO;
				DEBUG_INFORMATION_FORMAT = "dwarf-with-dsym";
				ENABLE_NS_ASSERTIONS = NO;
				ENABLE_STRICT_OBJC_MSGSEND = YES;
				GCC_C_LANGUAGE_STANDARD = gnu11;
				GCC_NO_COMMON_BLOCKS = YES;
				GCC_WARN_64_TO_32_BIT_CONVERSION = YES;
				GCC_WARN_ABOUT_RETURN_TYPE = YES_ERROR;
				GCC_WARN_UNDECLARED_SELECTOR = YES;
				GCC_WARN_UNINITIALIZED_AUTOS = YES_AGGRESSIVE;
				GCC_WARN_UNUSED_FUNCTION = YES;
				GCC_WARN_UNUSED_VARIABLE = YES;
				MACOSX_DEPLOYMENT_TARGET = 10.13;
				MTL_ENABLE_DEBUG_INFO = NO;
				SDKROOT = macosx;
				SWIFT_OPTIMIZATION_LEVEL = "-Owholemodule";
			};
			name = Release;
		};
		239E0D7020484F1E00176AB9 /* Debug */ = {
			isa = XCBuildConfiguration;
			buildSettings = {
				ASSETCATALOG_COMPILER_APPICON_NAME = AppIcon;
				CODE_SIGN_ENTITLEMENTS = NSScrollViewDemo/NSScrollViewDemo.entitlements;
				CODE_SIGN_STYLE = Automatic;
				COMBINE_HIDPI_IMAGES = YES;
				INFOPLIST_FILE = NSScrollViewDemo/Info.plist;
				LD_RUNPATH_SEARCH_PATHS = "$(inherited) @executable_path/../Frameworks";
				PRODUCT_BUNDLE_IDENTIFIER = daizhirui.NSScrollViewDemo;
				PRODUCT_NAME = "$(TARGET_NAME)";
				SWIFT_VERSION = 4.0;
			};
			name = Debug;
		};
		239E0D7120484F1E00176AB9 /* Release */ = {
			isa = XCBuildConfiguration;
			buildSettings = {
				ASSETCATALOG_COMPILER_APPICON_NAME = AppIcon;
				CODE_SIGN_ENTITLEMENTS = NSScrollViewDemo/NSScrollViewDemo.entitlements;
				CODE_SIGN_STYLE = Automatic;
				COMBINE_HIDPI_IMAGES = YES;
				INFOPLIST_FILE = NSScrollViewDemo/Info.plist;
				LD_RUNPATH_SEARCH_PATHS = "$(inherited) @executable_path/../Frameworks";
				PRODUCT_BUNDLE_IDENTIFIER = daizhirui.NSScrollViewDemo;
				PRODUCT_NAME = "$(TARGET_NAME)";
				SWIFT_VERSION = 4.0;
			};
			name = Release;
		};
/* End XCBuildConfiguration section */

/* Begin XCConfigurationList section */
		239E0D5C20484F1E00176AB9 /* Build configuration list for PBXProject "NSScrollViewDemo" */ = {
			isa = XCConfigurationList;
			buildConfigurations = (
				239E0D6D20484F1E00176AB9 /* Debug */,
				239E0D6E20484F1E00176AB9 /* Release */,
			);
			defaultConfigurationIsVisible = 0;
			defaultConfigurationName = Release;
		};
		239E0D6F20484F1E00176AB9 /* Build configuration list for PBXNativeTarget "NSScrollViewDemo" */ = {
			isa = XCConfigurationList;
			buildConfigurations = (
				239E0D7020484F1E00176AB9 /* Debug */,
				239E0D7120484F1E00176AB9 /* Release */,
			);
			defaultConfigurationIsVisible = 0;
			defaultConfigurationName = Release;
		};
/* End XCConfigurationList section */
	};
	rootObject = 239E0D5920484F1E00176AB9 /* Project object */;
}
