// !$*UTF8*$!
{
	archiveVersion = 1;
	classes = {
	};
	objectVersion = 48;
	objects = {

/* Begin PBXBuildFile section */
		236432D6204D46D100ADC33A /* AppDelegate.swift in Sources */ = {isa = PBXBuildFile; fileRef = 236432D5204D46D100ADC33A /* AppDelegate.swift */; };
		236432D8204D46D200ADC33A /* ViewController.swift in Sources */ = {isa = PBXBuildFile; fileRef = 236432D7204D46D200ADC33A /* ViewController.swift */; };
		236432DA204D46D200ADC33A /* Assets.xcassets in Resources */ = {isa = PBXBuildFile; fileRef = 236432D9204D46D200ADC33A /* Assets.xcassets */; };
		236432DD204D46D200ADC33A /* Main.storyboard in Resources */ = {isa = PBXBuildFile; fileRef = 236432DB204D46D200ADC33A /* Main.storyboard */; };
		236432E6204D471500ADC33A /* CollectionViewItem.swift in Sources */ = {isa = PBXBuildFile; fileRef = 236432E5204D471500ADC33A /* CollectionViewItem.swift */; };
		236432E8204D473100ADC33A /* CollectionViewItem.xib in Resources */ = {isa = PBXBuildFile; fileRef = 236432E7204D473100ADC33A /* CollectionViewItem.xib */; };
/* End PBXBuildFile section */

/* Begin PBXFileReference section */
		236432D2204D46D100ADC33A /* NSCollectionViewCodeDemo.app */ = {isa = PBXFileReference; explicitFileType = wrapper.application; includeInIndex = 0; path = NSCollectionViewCodeDemo.app; sourceTree = BUILT_PRODUCTS_DIR; };
		236432D5204D46D100ADC33A /* AppDelegate.swift */ = {isa = PBXFileReference; lastKnownFileType = sourcecode.swift; path = AppDelegate.swift; sourceTree = "<group>"; };
		236432D7204D46D200ADC33A /* ViewController.swift */ = {isa = PBXFileReference; lastKnownFileType = sourcecode.swift; path = ViewController.swift; sourceTree = "<group>"; };
		236432D9204D46D200ADC33A /* Assets.xcassets */ = {isa = PBXFileReference; lastKnownFileType = folder.assetcatalog; path = Assets.xcassets; sourceTree = "<group>"; };
		236432DC204D46D200ADC33A /* Base */ = {isa = PBXFileReference; lastKnownFileType = file.storyboard; name = Base; path = Base.lproj/Main.storyboard; sourceTree = "<group>"; };
		236432DE204D46D200ADC33A /* Info.plist */ = {isa = PBXFileReference; lastKnownFileType = text.plist.xml; path = Info.plist; sourceTree = "<group>"; };
		236432DF204D46D200ADC33A /* NSCollectionViewCodeDemo.entitlements */ = {isa = PBXFileReference; lastKnownFileType = text.plist.entitlements; path = NSCollectionViewCodeDemo.entitlements; sourceTree = "<group>"; };
		236432E5204D471500ADC33A /* CollectionViewItem.swift */ = {isa = PBXFileReference; lastKnownFileType = sourcecode.swift; path = CollectionViewItem.swift; sourceTree = "<group>"; };
		236432E7204D473100ADC33A /* CollectionViewItem.xib */ = {isa = PBXFileReference; lastKnownFileType = file.xib; path = CollectionViewItem.xib; sourceTree = "<group>"; };
/* End PBXFileReference section */

/* Begin PBXFrameworksBuildPhase section */
		236432CF204D46D100ADC33A /* Frameworks */ = {
			isa = PBXFrameworksBuildPhase;
			buildActionMask = 2147483647;
			files = (
			);
			runOnlyForDeploymentPostprocessing = 0;
		};
/* End PBXFrameworksBuildPhase section */

/* Begin PBXGroup section */
		236432C9204D46D100ADC33A = {
			isa = PBXGroup;
			children = (
				236432D4204D46D100ADC33A /* NSCollectionViewCodeDemo */,
				236432D3204D46D100ADC33A /* Products */,
			);
			sourceTree = "<group>";
		};
		236432D3204D46D100ADC33A /* Products */ = {
			isa = PBXGroup;
			children = (
				236432D2204D46D100ADC33A /* NSCollectionViewCodeDemo.app */,
			);
			name = Products;
			sourceTree = "<group>";
		};
		236432D4204D46D100ADC33A /* NSCollectionViewCodeDemo */ = {
			isa = PBXGroup;
			children = (
				236432D5204D46D100ADC33A /* AppDelegate.swift */,
				236432D7204D46D200ADC33A /* ViewController.swift */,
				236432D9204D46D200ADC33A /* Assets.xcassets */,
				236432DB204D46D200ADC33A /* Main.storyboard */,
				236432DE204D46D200ADC33A /* Info.plist */,
				236432DF204D46D200ADC33A /* NSCollectionViewCodeDemo.entitlements */,
				236432E5204D471500ADC33A /* CollectionViewItem.swift */,
				236432E7204D473100ADC33A /* CollectionViewItem.xib */,
			);
			path = NSCollectionViewCodeDemo;
			sourceTree = "<group>";
		};
/* End PBXGroup section */

/* Begin PBXNativeTarget section */
		236432D1204D46D100ADC33A /* NSCollectionViewCodeDemo */ = {
			isa = PBXNativeTarget;
			buildConfigurationList = 236432E2204D46D200ADC33A /* Build configuration list for PBXNativeTarget "NSCollectionViewCodeDemo" */;
			buildPhases = (
				236432CE204D46D100ADC33A /* Sources */,
				236432CF204D46D100ADC33A /* Frameworks */,
				236432D0204D46D100ADC33A /* Resources */,
			);
			buildRules = (
			);
			dependencies = (
			);
			name = NSCollectionViewCodeDemo;
			productName = NSCollectionViewCodeDemo;
			productReference = 236432D2204D46D100ADC33A /* NSCollectionViewCodeDemo.app */;
			productType = "com.apple.product-type.application";
		};
/* End PBXNativeTarget section */

/* Begin PBXProject section */
		236432CA204D46D100ADC33A /* Project object */ = {
			isa = PBXProject;
			attributes = {
				LastSwiftUpdateCheck = 0920;
				LastUpgradeCheck = 0920;
				ORGANIZATIONNAME = "戴植锐";
				TargetAttributes = {
					236432D1204D46D100ADC33A = {
						CreatedOnToolsVersion = 9.2;
						ProvisioningStyle = Automatic;
					};
				};
			};
			buildConfigurationList = 236432CD204D46D100ADC33A /* Build configuration list for PBXProject "NSCollectionViewCodeDemo" */;
			compatibilityVersion = "Xcode 8.0";
			developmentRegion = en;
			hasScannedForEncodings = 0;
			knownRegions = (
				en,
				Base,
			);
			mainGroup = 236432C9204D46D100ADC33A;
			productRefGroup = 236432D3204D46D100ADC33A /* Products */;
			projectDirPath = "";
			projectRoot = "";
			targets = (
				236432D1204D46D100ADC33A /* NSCollectionViewCodeDemo */,
			);
		};
/* End PBXProject section */

/* Begin PBXResourcesBuildPhase section */
		236432D0204D46D100ADC33A /* Resources */ = {
			isa = PBXResourcesBuildPhase;
			buildActionMask = 2147483647;
			files = (
				236432DA204D46D200ADC33A /* Assets.xcassets in Resources */,
				236432DD204D46D200ADC33A /* Main.storyboard in Resources */,
				236432E8204D473100ADC33A /* CollectionViewItem.xib in Resources */,
			);
			runOnlyForDeploymentPostprocessing = 0;
		};
/* End PBXResourcesBuildPhase section */

/* Begin PBXSourcesBuildPhase section */
		236432CE204D46D100ADC33A /* Sources */ = {
			isa = PBXSourcesBuildPhase;
			buildActionMask = 2147483647;
			files = (
				236432D8204D46D200ADC33A /* ViewController.swift in Sources */,
				236432D6204D46D100ADC33A /* AppDelegate.swift in Sources */,
				236432E6204D471500ADC33A /* CollectionViewItem.swift in Sources */,
			);
			runOnlyForDeploymentPostprocessing = 0;
		};
/* End PBXSourcesBuildPhase section */

/* Begin PBXVariantGroup section */
		236432DB204D46D200ADC33A /* Main.storyboard */ = {
			isa = PBXVariantGroup;
			children = (
				236432DC204D46D200ADC33A /* Base */,
			);
			name = Main.storyboard;
			sourceTree = "<group>";
		};
/* End PBXVariantGroup section */

/* Begin XCBuildConfiguration section */
		236432E0204D46D200ADC33A /* Debug */ = {
			isa = XCBuildConfiguration;
			buildSettings = {
				ALWAYS_SEARCH_USER_PATHS = NO;
				CLANG_ANALYZER_NONNULL = YES;
				CLANG_ANALYZER_NUMBER_OBJECT_CONVERSION = YES_AGGRESSIVE;
				CLANG_CXX_LANGUAGE_STANDARD = "gnu++14";
				CLANG_CXX_LIBRARY = "libc++";
				CLANG_ENABLE_MODULES = YES;
				CLANG_ENABLE_OBJC_ARC = YES;
				CLANG_WARN_BLOCK_CAPTURE_AUTORELEASING = YES;
				CLANG_WARN_BOOL_CONVERSION = YES;
				CLANG_WARN_COMMA = YES;
				CLANG_WARN_CONSTANT_CONVERSION = YES;
				CLANG_WARN_DIRECT_OBJC_ISA_USAGE = YES_ERROR;
				CLANG_WARN_DOCUMENTATION_COMMENTS = YES;
				CLANG_WARN_EMPTY_BODY = YES;
				CLANG_WARN_ENUM_CONVERSION = YES;
				CLANG_WARN_INFINITE_RECURSION = YES;
				CLANG_WARN_INT_CONVERSION = YES;
				CLANG_WARN_NON_LITERAL_NULL_CONVERSION = YES;
				CLANG_WARN_OBJC_LITERAL_CONVERSION = YES;
				CLANG_WARN_OBJC_ROOT_CLASS = YES_ERROR;
				CLANG_WARN_RANGE_LOOP_ANALYSIS = YES;
				CLANG_WARN_STRICT_PROTOTYPES = YES;
				CLANG_WARN_SUSPICIOUS_MOVE = YES;
				CLANG_WARN_UNGUARDED_AVAILABILITY = YES_AGGRESSIVE;
				CLANG_WARN_UNREACHABLE_CODE = YES;
				CLANG_WARN__DUPLICATE_METHOD_MATCH = YES;
				CODE_SIGN_IDENTITY = "-";
				COPY_PHASE_STRIP = NO;
				DEBUG_INFORMATION_FORMAT = dwarf;
				ENABLE_STRICT_OBJC_MSGSEND = YES;
				ENABLE_TESTABILITY = YES;
				GCC_C_LANGUAGE_STANDARD = gnu11;
				GCC_DYNAMIC_NO_PIC = NO;
				GCC_NO_COMMON_BLOCKS = YES;
				GCC_OPTIMIZATION_LEVEL = 0;
				GCC_PREPROCESSOR_DEFINITIONS = (
					"DEBUG=1",
					"$(inherited)",
				);
				GCC_WARN_64_TO_32_BIT_CONVERSION = YES;
				GCC_WARN_ABOUT_RETURN_TYPE = YES_ERROR;
				GCC_WARN_UNDECLARED_SELECTOR = YES;
				GCC_WARN_UNINITIALIZED_AUTOS = YES_AGGRESSIVE;
				GCC_WARN_UNUSED_FUNCTION = YES;
				GCC_WARN_UNUSED_VARIABLE = YES;
				MACOSX_DEPLOYMENT_TARGET = 10.13;
				MTL_ENABLE_DEBUG_INFO = YES;
				ONLY_ACTIVE_ARCH = YES;
				SDKROOT = macosx;
				SWIFT_ACTIVE_COMPILATION_CONDITIONS = DEBUG;
				SWIFT_OPTIMIZATION_LEVEL = "-Onone";
			};
			name = Debug;
		};
		236432E1204D46D200ADC33A /* Release */ = {
			isa = XCBuildConfiguration;
			buildSettings = {
				ALWAYS_SEARCH_USER_PATHS = NO;
				CLANG_ANALYZER_NONNULL = YES;
				CLANG_ANALYZER_NUMBER_OBJECT_CONVERSION = YES_AGGRESSIVE;
				CLANG_CXX_LANGUAGE_STANDARD = "gnu++14";
				CLANG_CXX_LIBRARY = "libc++";
				CLANG_ENABLE_MODULES = YES;
				CLANG_ENABLE_OBJC_ARC = YES;
				CLANG_WARN_BLOCK_CAPTURE_AUTORELEASING = YES;
				CLANG_WARN_BOOL_CONVERSION = YES;
				CLANG_WARN_COMMA = YES;
				CLANG_WARN_CONSTANT_CONVERSION = YES;
				CLANG_WARN_DIRECT_OBJC_ISA_USAGE = YES_ERROR;
				CLANG_WARN_DOCUMENTATION_COMMENTS = YES;
				CLANG_WARN_EMPTY_BODY = YES;
				CLANG_WARN_ENUM_CONVERSION = YES;
				CLANG_WARN_INFINITE_RECURSION = YES;
				CLANG_WARN_INT_CONVERSION = YES;
				CLANG_WARN_NON_LITERAL_NULL_CONVERSION = YES;
				CLANG_WARN_OBJC_LITERAL_CONVERSION = YES;
				CLANG_WARN_OBJC_ROOT_CLASS = YES_ERROR;
				CLANG_WARN_RANGE_LOOP_ANALYSIS = YES;
				CLANG_WARN_STRICT_PROTOTYPES = YES;
				CLANG_WARN_SUSPICIOUS_MOVE = YES;
				CLANG_WARN_UNGUARDED_AVAILABILITY = YES_AGGRESSIVE;
				CLANG_WARN_UNREACHABLE_CODE = YES;
				CLANG_WARN__DUPLICATE_METHOD_MATCH = YES;
				CODE_SIGN_IDENTITY = "-";
				COPY_PHASE_STRIP = NO;
				DEBUG_INFORMATION_FORMAT = "dwarf-with-dsym";
				ENABLE_NS_ASSERTIONS = NO;
				ENABLE_STRICT_OBJC_MSGSEND = YES;
				GCC_C_LANGUAGE_STANDARD = gnu11;
				GCC_NO_COMMON_BLOCKS = YES;
				GCC_WARN_64_TO_32_BIT_CONVERSION = YES;
				GCC_WARN_ABOUT_RETURN_TYPE = YES_ERROR;
				GCC_WARN_UNDECLARED_SELECTOR = YES;
				GCC_WARN_UNINITIALIZED_AUTOS = YES_AGGRESSIVE;
				GCC_WARN_UNUSED_FUNCTION = YES;
				GCC_WARN_UNUSED_VARIABLE = YES;
				MACOSX_DEPLOYMENT_TARGET = 10.13;
				MTL_ENABLE_DEBUG_INFO = NO;
				SDKROOT = macosx;
				SWIFT_OPTIMIZATION_LEVEL = "-Owholemodule";
			};
			name = Release;
		};
		236432E3204D46D200ADC33A /* Debug */ = {
			isa = XCBuildConfiguration;
			buildSettings = {
				ASSETCATALOG_COMPILER_APPICON_NAME = AppIcon;
				CODE_SIGN_ENTITLEMENTS = NSCollectionViewCodeDemo/NSCollectionViewCodeDemo.entitlements;
				CODE_SIGN_STYLE = Automatic;
				COMBINE_HIDPI_IMAGES = YES;
				INFOPLIST_FILE = NSCollectionViewCodeDemo/Info.plist;
				LD_RUNPATH_SEARCH_PATHS = "$(inherited) @executable_path/../Frameworks";
				PRODUCT_BUNDLE_IDENTIFIER = daizhirui.NSCollectionViewCodeDemo;
				PRODUCT_NAME = "$(TARGET_NAME)";
				SWIFT_VERSION = 4.0;
			};
			name = Debug;
		};
		236432E4204D46D200ADC33A /* Release */ = {
			isa = XCBuildConfiguration;
			buildSettings = {
				ASSETCATALOG_COMPILER_APPICON_NAME = AppIcon;
				CODE_SIGN_ENTITLEMENTS = NSCollectionViewCodeDemo/NSCollectionViewCodeDemo.entitlements;
				CODE_SIGN_STYLE = Automatic;
				COMBINE_HIDPI_IMAGES = YES;
				INFOPLIST_FILE = NSCollectionViewCodeDemo/Info.plist;
				LD_RUNPATH_SEARCH_PATHS = "$(inherited) @executable_path/../Frameworks";
				PRODUCT_BUNDLE_IDENTIFIER = daizhirui.NSCollectionViewCodeDemo;
				PRODUCT_NAME = "$(TARGET_NAME)";
				SWIFT_VERSION = 4.0;
			};
			name = Release;
		};
/* End XCBuildConfiguration section */

/* Begin XCConfigurationList section */
		236432CD204D46D100ADC33A /* Build configuration list for PBXProject "NSCollectionViewCodeDemo" */ = {
			isa = XCConfigurationList;
			buildConfigurations = (
				236432E0204D46D200ADC33A /* Debug */,
				236432E1204D46D200ADC33A /* Release */,
			);
			defaultConfigurationIsVisible = 0;
			defaultConfigurationName = Release;
		};
		236432E2204D46D200ADC33A /* Build configuration list for PBXNativeTarget "NSCollectionViewCodeDemo" */ = {
			isa = XCConfigurationList;
			buildConfigurations = (
				236432E3204D46D200ADC33A /* Debug */,
				236432E4204D46D200ADC33A /* Release */,
			);
			defaultConfigurationIsVisible = 0;
			defaultConfigurationName = Release;
		};
/* End XCConfigurationList section */
	};
	rootObject = 236432CA204D46D100ADC33A /* Project object */;
}
